
Microsoft Visual Studio Solution File, Format Version 12.00
# Visual Studio Version 17
VisualStudioVersion = 17.6.33717.318
MinimumVisualStudioVersion = 10.0.40219.1
Project("{9A19103F-16F7-4668-BE54-9A1E7A4F7556}") = "capstone-backend", "capstone-backend\capstone-backend.csproj", "{18EC80B1-2186-4780-B901-DBA9565AC491}"
EndProject
Project("{2150E333-8FDC-42A3-9474-1A3956D46DE8}") = "Solution Items", "Solution Items", "{E83DF388-C570-432B-924D-8326C953CFB6}"
	ProjectSection(SolutionItems) = preProject
		.editorconfig = .editorconfig
	EndProjectSection
EndProject
Global
	GlobalSection(SolutionConfigurationPlatforms) = preSolution
		Debug|Any CPU = Debug|Any CPU
		Release|Any CPU = Release|Any CPU
	EndGlobalSection
	GlobalSection(ProjectConfigurationPlatforms) = postSolution
		{18EC80B1-2186-4780-B901-DBA9565AC491}.Debug|Any CPU.ActiveCfg = Debug|Any CPU
		{18EC80B1-2186-4780-B901-DBA9565AC491}.Debug|Any CPU.Build.0 = Debug|Any CPU
		{18EC80B1-2186-4780-B901-DBA9565AC491}.Release|Any CPU.ActiveCfg = Release|Any CPU
		{18EC80B1-2186-4780-B901-DBA9565AC491}.Release|Any CPU.Build.0 = Release|Any CPU
	EndGlobalSection
	GlobalSection(SolutionProperties) = preSolution
		HideSolutionNode = FALSE
	EndGlobalSection
	GlobalSection(ExtensibilityGlobals) = postSolution
		SolutionGuid = {CFA9BF8B-542B-4482-951B-AF4E2986696D}
	EndGlobalSection
EndGlobal
